{
  "name": "russia-v2ray-rules-dat",
  "lockfileVersion": 3,
  "requires": true,
  "packages": {
    "": {
      "name": "russia-v2ray-rules-dat",
      "dependencies": {
        "cidr-tools": "^11.3.3"
      },
      "engines": {
        "node": ">=18"
      }
    },
    "node_modules/cidr-tools": {
      "version": "11.3.3",
      "resolved": "https://registry.npmjs.org/cidr-tools/-/cidr-tools-11.3.3.tgz",
      "integrity": "sha512-3fHQpk8DxUjO/nuoo9gTDpOKQDHoHarCxU3b7bkAq/nMHm54ADqoSQRF3l/GVbnOEtt5wfo/3vTEp4imLb7BZQ==",
      "license": "BSD-2-Clause",
      "dependencies": {
        "ip-bigint": "^8.3.4"
      },
      "engines": {
        "node": ">=18"
      }
    },
    "node_modules/ip-bigint": {
      "version": "8.3.4",
      "resolved": "https://registry.npmjs.org/ip-bigint/-/ip-bigint-8.3.4.tgz",
      "integrity": "sha512-W34SH99LpEuCGlX+pv5EM8m57EMfm01o19Os2oQEHsmQVkHcIHtAU/YfpGFTAzUqM65e3GKA1JK/bHhNL1Ag4Q==",
      "license": "BSD-2-Clause",
      "engines": {
        "node": ">=18"
      }
    }
  }
}
